
Microsoft Visual Studio Solution File, Format Version 12.00
# Visual Studio Version 17
VisualStudioVersion = 17.12.35728.132 d17.12
MinimumVisualStudioVersion = 10.0.40219.1
Project("{FAE04EC0-301F-11D3-BF4B-00C04F79EFBC}") = "BackendServer1", "BackendServer1\BackendServer1.csproj", "{E5D381D8-E5CB-4CE4-8CFA-B4265507422B}"
EndProject
Project("{FAE04EC0-301F-11D3-BF4B-00C04F79EFBC}") = "BackendServer2", "BackendServer2\BackendServer2.csproj", "{B5442641-6725-40BB-95CA-03ED060E0B13}"
EndProject
Project("{FAE04EC0-301F-11D3-BF4B-00C04F79EFBC}") = "BackendServer3", "BackendServer3\BackendServer3.csproj", "{B2EFDAA3-1246-4000-969B-AD0394E82D08}"
EndProject
Project("{2150E333-8FDC-42A3-9474-1A3956D46DE8}") = "Solution Items", "Solution Items", "{494BEBAB-7743-427F-B040-F8521E1AA51D}"
	ProjectSection(SolutionItems) = preProject
		docker-compose.yml = docker-compose.yml
		nginx.conf = nginx.conf
	EndProjectSection
EndProject
Global
	GlobalSection(SolutionConfigurationPlatforms) = preSolution
		Debug|Any CPU = Debug|Any CPU
		Release|Any CPU = Release|Any CPU
	EndGlobalSection
	GlobalSection(ProjectConfigurationPlatforms) = postSolution
		{E5D381D8-E5CB-4CE4-8CFA-B4265507422B}.Debug|Any CPU.ActiveCfg = Debug|Any CPU
		{E5D381D8-E5CB-4CE4-8CFA-B4265507422B}.Debug|Any CPU.Build.0 = Debug|Any CPU
		{E5D381D8-E5CB-4CE4-8CFA-B4265507422B}.Release|Any CPU.ActiveCfg = Release|Any CPU
		{E5D381D8-E5CB-4CE4-8CFA-B4265507422B}.Release|Any CPU.Build.0 = Release|Any CPU
		{B5442641-6725-40BB-95CA-03ED060E0B13}.Debug|Any CPU.ActiveCfg = Debug|Any CPU
		{B5442641-6725-40BB-95CA-03ED060E0B13}.Debug|Any CPU.Build.0 = Debug|Any CPU
		{B5442641-6725-40BB-95CA-03ED060E0B13}.Release|Any CPU.ActiveCfg = Release|Any CPU
		{B5442641-6725-40BB-95CA-03ED060E0B13}.Release|Any CPU.Build.0 = Release|Any CPU
		{B2EFDAA3-1246-4000-969B-AD0394E82D08}.Debug|Any CPU.ActiveCfg = Debug|Any CPU
		{B2EFDAA3-1246-4000-969B-AD0394E82D08}.Debug|Any CPU.Build.0 = Debug|Any CPU
		{B2EFDAA3-1246-4000-969B-AD0394E82D08}.Release|Any CPU.ActiveCfg = Release|Any CPU
		{B2EFDAA3-1246-4000-969B-AD0394E82D08}.Release|Any CPU.Build.0 = Release|Any CPU
	EndGlobalSection
	GlobalSection(SolutionProperties) = preSolution
		HideSolutionNode = FALSE
	EndGlobalSection
EndGlobal
